
Microsoft Visual Studio Solution File, Format Version 12.00
# Visual Studio 15
VisualStudioVersion = 15.0.28307.645
MinimumVisualStudioVersion = 10.0.40219.1
Project("{2150E333-8FDC-42A3-9474-1A3956D46DE8}") = "Solution Items", "Solution Items", "{C9E12489-2E60-4BFD-BF29-E29E15BEBFAE}"
	ProjectSection(SolutionItems) = preProject
		.gitinore = .gitinore
	EndProjectSection
EndProject
Global
	GlobalSection(SolutionProperties) = preSolution
		HideSolutionNode = FALSE
	EndGlobalSection
	GlobalSection(ExtensibilityGlobals) = postSolution
		SolutionGuid = {02C415F3-2BD7-4870-AE0D-114BC488D50E}
	EndGlobalSection
EndGlobal
